<?xml version="1.0" encoding="utf-8"?>
<Project ToolsVersion="4.0" xmlns="http://schemas.microsoft.com/developer/msbuild/2003">
  <ItemGroup>
    <Filter Include="Header Files">
      <UniqueIdentifier>{93995380-89BD-4b04-88EB-625FBE52EBFB}</UniqueIdentifier>
      <Extensions>h;hh;hpp;hxx;h++;hm;inl;inc;ipp;xsd</Extensions>
    </Filter>
    <Filter Include="Backend">
      <UniqueIdentifier>{4FC737F1-C7A5-4376-A066-2A32D752A2FF}</UniqueIdentifier>
      <Extensions>cpp;c;cc;cxx;c++;cppm;ixx;def;odl;idl;hpj;bat;asm;asmx</Extensions>
    </Filter>
    <Filter Include="Frontend">
      <UniqueIdentifier>{67DA6AB6-F800-4c08-8B7A-83BB121AAD01}</UniqueIdentifier>
      <Extensions>rc;ico;cur;bmp;dlg;rc2;rct;bin;rgs;gif;jpg;jpeg;jpe;resx;tiff;tif;png;wav;mfcribbon-ms</Extensions>
    </Filter>
  </ItemGroup>
  <ItemGroup>
    <ClInclude Include="..\..\Matching Engine\Backend\httplib.h">
      <Filter>Backend</Filter>
    </ClInclude>
    <ClInclude Include="..\..\Matching Engine\Backend\json.hpp">
      <Filter>Backend</Filter>
    </ClInclude>
    <ClInclude Include="..\..\Matching Engine\Backend\orderbook.h">
      <Filter>Backend</Filter>
    </ClInclude>
    <ClInclude Include="..\..\Matching Engine\Backend\sqlite3.h">
      <Filter>Backend</Filter>
    </ClInclude>
  </ItemGroup>
  <ItemGroup>
    <ClCompile Include="..\..\Matching Engine\Backend\main.cpp">
      <Filter>Backend</Filter>
    </ClCompile>
    <ClCompile Include="..\..\Matching Engine\Backend\orderbook.cpp">
      <Filter>Backend</Filter>
    </ClCompile>
    <ClCompile Include="..\..\Matching Engine\Backend\sqlite3.c">
      <Filter>Backend</Filter>
    </ClCompile>
  </ItemGroup>
  <ItemGroup>
    <None Include="..\..\Matching Engine\Backend\vcpkg.json">
      <Filter>Backend</Filter>
    </None>
    <None Include="index.html">
      <Filter>Frontend</Filter>
    </None>
    <None Include="style.css" />
    <None Include="app.js" />
  </ItemGroup>
</Project>